
Microsoft Visual Studio Solution File, Format Version 12.00
# Visual Studio Version 16
VisualStudioVersion = 16.0.31112.23
MinimumVisualStudioVersion = 10.0.40219.1
Project("{FAE04EC0-301F-11D3-BF4B-00C04F79EFBC}") = "Entidades", "Entidades\Entidades.csproj", "{FDCC1345-1AFB-46C4-9FAD-F862F78411DB}"
EndProject
Project("{FAE04EC0-301F-11D3-BF4B-00C04F79EFBC}") = "FrmTest1", "FrmTest1\FrmTest1.csproj", "{B32BAE02-E1D3-4F27-824A-7E5CDCB09924}"
EndProject
Global
	GlobalSection(SolutionConfigurationPlatforms) = preSolution
		Debug|Any CPU = Debug|Any CPU
		Release|Any CPU = Release|Any CPU
	EndGlobalSection
	GlobalSection(ProjectConfigurationPlatforms) = postSolution
		{FDCC1345-1AFB-46C4-9FAD-F862F78411DB}.Debug|Any CPU.ActiveCfg = Debug|Any CPU
		{FDCC1345-1AFB-46C4-9FAD-F862F78411DB}.Debug|Any CPU.Build.0 = Debug|Any CPU
		{FDCC1345-1AFB-46C4-9FAD-F862F78411DB}.Release|Any CPU.ActiveCfg = Release|Any CPU
		{FDCC1345-1AFB-46C4-9FAD-F862F78411DB}.Release|Any CPU.Build.0 = Release|Any CPU
		{B32BAE02-E1D3-4F27-824A-7E5CDCB09924}.Debug|Any CPU.ActiveCfg = Debug|Any CPU
		{B32BAE02-E1D3-4F27-824A-7E5CDCB09924}.Debug|Any CPU.Build.0 = Debug|Any CPU
		{B32BAE02-E1D3-4F27-824A-7E5CDCB09924}.Release|Any CPU.ActiveCfg = Release|Any CPU
		{B32BAE02-E1D3-4F27-824A-7E5CDCB09924}.Release|Any CPU.Build.0 = Release|Any CPU
	EndGlobalSection
	GlobalSection(SolutionProperties) = preSolution
		HideSolutionNode = FALSE
	EndGlobalSection
	GlobalSection(ExtensibilityGlobals) = postSolution
		SolutionGuid = {A12F6BF2-E867-4998-A92A-723CC7809B7B}
	EndGlobalSection
EndGlobal
