
Microsoft Visual Studio Solution File, Format Version 12.00
# Visual Studio Version 16
VisualStudioVersion = 16.0.31613.86
MinimumVisualStudioVersion = 10.0.40219.1
Project("{FAE04EC0-301F-11D3-BF4B-00C04F79EFBC}") = "Entidades", "Entidades\Entidades.csproj", "{98695AB9-D55B-45A6-A77B-D2E9544583CF}"
EndProject
Project("{FAE04EC0-301F-11D3-BF4B-00C04F79EFBC}") = "MiCalculadora", "MiCalculadora\MiCalculadora.csproj", "{FA2DAA90-44F7-473F-A954-7CA5A33F2027}"
EndProject
Global
	GlobalSection(SolutionConfigurationPlatforms) = preSolution
		Debug|Any CPU = Debug|Any CPU
		Release|Any CPU = Release|Any CPU
	EndGlobalSection
	GlobalSection(ProjectConfigurationPlatforms) = postSolution
		{98695AB9-D55B-45A6-A77B-D2E9544583CF}.Debug|Any CPU.ActiveCfg = Debug|Any CPU
		{98695AB9-D55B-45A6-A77B-D2E9544583CF}.Debug|Any CPU.Build.0 = Debug|Any CPU
		{98695AB9-D55B-45A6-A77B-D2E9544583CF}.Release|Any CPU.ActiveCfg = Release|Any CPU
		{98695AB9-D55B-45A6-A77B-D2E9544583CF}.Release|Any CPU.Build.0 = Release|Any CPU
		{FA2DAA90-44F7-473F-A954-7CA5A33F2027}.Debug|Any CPU.ActiveCfg = Debug|Any CPU
		{FA2DAA90-44F7-473F-A954-7CA5A33F2027}.Debug|Any CPU.Build.0 = Debug|Any CPU
		{FA2DAA90-44F7-473F-A954-7CA5A33F2027}.Release|Any CPU.ActiveCfg = Release|Any CPU
		{FA2DAA90-44F7-473F-A954-7CA5A33F2027}.Release|Any CPU.Build.0 = Release|Any CPU
	EndGlobalSection
	GlobalSection(SolutionProperties) = preSolution
		HideSolutionNode = FALSE
	EndGlobalSection
	GlobalSection(ExtensibilityGlobals) = postSolution
		SolutionGuid = {03EFA506-0439-41D2-AACD-DC4FF540167C}
	EndGlobalSection
EndGlobal
